
Microsoft Visual Studio Solution File, Format Version 12.00
# Visual Studio Version 17
VisualStudioVersion = 17.1.32210.238
MinimumVisualStudioVersion = 10.0.40219.1
Project("{FAE04EC0-301F-11D3-BF4B-00C04F79EFBC}") = "trial5", "trial5\trial5.csproj", "{D191F79A-0165-4BF7-8EFA-EA2B64DDBC1D}"
EndProject
Project("{FAE04EC0-301F-11D3-BF4B-00C04F79EFBC}") = "HiServiceHost", "ServiceHost\HiServiceHost.csproj", "{5018F111-F869-49FC-B439-52BAFBBD9336}"
EndProject
Global
	GlobalSection(SolutionConfigurationPlatforms) = preSolution
		Debug|Any CPU = Debug|Any CPU
		Release|Any CPU = Release|Any CPU
	EndGlobalSection
	GlobalSection(ProjectConfigurationPlatforms) = postSolution
		{D191F79A-0165-4BF7-8EFA-EA2B64DDBC1D}.Debug|Any CPU.ActiveCfg = Debug|Any CPU
		{D191F79A-0165-4BF7-8EFA-EA2B64DDBC1D}.Debug|Any CPU.Build.0 = Debug|Any CPU
		{D191F79A-0165-4BF7-8EFA-EA2B64DDBC1D}.Release|Any CPU.ActiveCfg = Release|Any CPU
		{D191F79A-0165-4BF7-8EFA-EA2B64DDBC1D}.Release|Any CPU.Build.0 = Release|Any CPU
		{5018F111-F869-49FC-B439-52BAFBBD9336}.Debug|Any CPU.ActiveCfg = Debug|Any CPU
		{5018F111-F869-49FC-B439-52BAFBBD9336}.Debug|Any CPU.Build.0 = Debug|Any CPU
		{5018F111-F869-49FC-B439-52BAFBBD9336}.Release|Any CPU.ActiveCfg = Release|Any CPU
		{5018F111-F869-49FC-B439-52BAFBBD9336}.Release|Any CPU.Build.0 = Release|Any CPU
	EndGlobalSection
	GlobalSection(SolutionProperties) = preSolution
		HideSolutionNode = FALSE
	EndGlobalSection
	GlobalSection(ExtensibilityGlobals) = postSolution
		SolutionGuid = {396EA0C6-4F7D-410E-A71D-776F0D597548}
	EndGlobalSection
EndGlobal
